// !$*UTF8*$!
{
	archiveVersion = 1;
	classes = {
	};
	objectVersion = 50;
	objects = {

/* Begin PBXBuildFile section */
		776C78C82770A23E004102BA /* NotificationTableViewCell.swift in Sources */ = {isa = PBXBuildFile; fileRef = 776C78C72770A23E004102BA /* NotificationTableViewCell.swift */; };
		776C78E02770D03C004102BA /* SectionModel.swift in Sources */ = {isa = PBXBuildFile; fileRef = 776C78DF2770D03C004102BA /* SectionModel.swift */; };
		776C78E22770D08D004102BA /* SettingOptions.swift in Sources */ = {isa = PBXBuildFile; fileRef = 776C78E12770D08D004102BA /* SettingOptions.swift */; };
		776C78E42770D0AB004102BA /* SettingSwitchOptions.swift in Sources */ = {isa = PBXBuildFile; fileRef = 776C78E32770D0AB004102BA /* SettingSwitchOptions.swift */; };
		776C78E62770D0CF004102BA /* NotificationSettingOptions.swift in Sources */ = {isa = PBXBuildFile; fileRef = 776C78E52770D0CF004102BA /* NotificationSettingOptions.swift */; };
		776C78E82770D19D004102BA /* SettingsModel.swift in Sources */ = {isa = PBXBuildFile; fileRef = 776C78E72770D19D004102BA /* SettingsModel.swift */; };
		776C78EA2770DBFF004102BA /* SettingsView.swift in Sources */ = {isa = PBXBuildFile; fileRef = 776C78E92770DBFF004102BA /* SettingsView.swift */; };
		77A660522758FA2B007827D4 /* AppDelegate.swift in Sources */ = {isa = PBXBuildFile; fileRef = 77A660512758FA2B007827D4 /* AppDelegate.swift */; };
		77A660562758FA2B007827D4 /* SettingsViewController.swift in Sources */ = {isa = PBXBuildFile; fileRef = 77A660552758FA2B007827D4 /* SettingsViewController.swift */; };
		77A6605B2758FA2F007827D4 /* Assets.xcassets in Resources */ = {isa = PBXBuildFile; fileRef = 77A6605A2758FA2F007827D4 /* Assets.xcassets */; };
		77A6605E2758FA2F007827D4 /* LaunchScreen.storyboard in Resources */ = {isa = PBXBuildFile; fileRef = 77A6605C2758FA2F007827D4 /* LaunchScreen.storyboard */; };
		77A66066275B6F6F007827D4 /* SettingTableViewCell.swift in Sources */ = {isa = PBXBuildFile; fileRef = 77A66065275B6F6F007827D4 /* SettingTableViewCell.swift */; };
		77A66068275E768E007827D4 /* SwitchTableViewCell.swift in Sources */ = {isa = PBXBuildFile; fileRef = 77A66067275E768E007827D4 /* SwitchTableViewCell.swift */; };
/* End PBXBuildFile section */

/* Begin PBXFileReference section */
		776C78C72770A23E004102BA /* NotificationTableViewCell.swift */ = {isa = PBXFileReference; lastKnownFileType = sourcecode.swift; path = NotificationTableViewCell.swift; sourceTree = "<group>"; };
		776C78DF2770D03C004102BA /* SectionModel.swift */ = {isa = PBXFileReference; lastKnownFileType = sourcecode.swift; path = SectionModel.swift; sourceTree = "<group>"; };
		776C78E12770D08D004102BA /* SettingOptions.swift */ = {isa = PBXFileReference; lastKnownFileType = sourcecode.swift; path = SettingOptions.swift; sourceTree = "<group>"; };
		776C78E32770D0AB004102BA /* SettingSwitchOptions.swift */ = {isa = PBXFileReference; lastKnownFileType = sourcecode.swift; path = SettingSwitchOptions.swift; sourceTree = "<group>"; };
		776C78E52770D0CF004102BA /* NotificationSettingOptions.swift */ = {isa = PBXFileReference; lastKnownFileType = sourcecode.swift; path = NotificationSettingOptions.swift; sourceTree = "<group>"; };
		776C78E72770D19D004102BA /* SettingsModel.swift */ = {isa = PBXFileReference; lastKnownFileType = sourcecode.swift; path = SettingsModel.swift; sourceTree = "<group>"; };
		776C78E92770DBFF004102BA /* SettingsView.swift */ = {isa = PBXFileReference; lastKnownFileType = sourcecode.swift; path = SettingsView.swift; sourceTree = "<group>"; };
		77A6604E2758FA2B007827D4 /* HW 12.app */ = {isa = PBXFileReference; explicitFileType = wrapper.application; includeInIndex = 0; path = "HW 12.app"; sourceTree = BUILT_PRODUCTS_DIR; };
		77A660512758FA2B007827D4 /* AppDelegate.swift */ = {isa = PBXFileReference; lastKnownFileType = sourcecode.swift; path = AppDelegate.swift; sourceTree = "<group>"; };
		77A660552758FA2B007827D4 /* SettingsViewController.swift */ = {isa = PBXFileReference; lastKnownFileType = sourcecode.swift; path = SettingsViewController.swift; sourceTree = "<group>"; };
		77A6605A2758FA2F007827D4 /* Assets.xcassets */ = {isa = PBXFileReference; lastKnownFileType = folder.assetcatalog; path = Assets.xcassets; sourceTree = "<group>"; };
		77A6605D2758FA2F007827D4 /* Base */ = {isa = PBXFileReference; lastKnownFileType = file.storyboard; name = Base; path = Base.lproj/LaunchScreen.storyboard; sourceTree = "<group>"; };
		77A6605F2758FA2F007827D4 /* Info.plist */ = {isa = PBXFileReference; lastKnownFileType = text.plist.xml; path = Info.plist; sourceTree = "<group>"; };
		77A66065275B6F6F007827D4 /* SettingTableViewCell.swift */ = {isa = PBXFileReference; lastKnownFileType = sourcecode.swift; path = SettingTableViewCell.swift; sourceTree = "<group>"; };
		77A66067275E768E007827D4 /* SwitchTableViewCell.swift */ = {isa = PBXFileReference; lastKnownFileType = sourcecode.swift; path = SwitchTableViewCell.swift; sourceTree = "<group>"; };
/* End PBXFileReference section */

/* Begin PBXFrameworksBuildPhase section */
		77A6604B2758FA2B007827D4 /* Frameworks */ = {
			isa = PBXFrameworksBuildPhase;
			buildActionMask = 2147483647;
			files = (
			);
			runOnlyForDeploymentPostprocessing = 0;
		};
/* End PBXFrameworksBuildPhase section */

/* Begin PBXGroup section */
		776C78D92770C76C004102BA /* Resources */ = {
			isa = PBXGroup;
			children = (
				77A6605A2758FA2F007827D4 /* Assets.xcassets */,
				77A6605C2758FA2F007827D4 /* LaunchScreen.storyboard */,
				77A6605F2758FA2F007827D4 /* Info.plist */,
			);
			path = Resources;
			sourceTree = "<group>";
		};
		776C78DA2770C786004102BA /* Sources */ = {
			isa = PBXGroup;
			children = (
				776C78DE2770C8B6004102BA /* Model */,
				776C78DD2770C8A6004102BA /* View */,
				776C78DC2770C89B004102BA /* Controller */,
			);
			path = Sources;
			sourceTree = "<group>";
		};
		776C78DB2770C794004102BA /* App */ = {
			isa = PBXGroup;
			children = (
				77A660512758FA2B007827D4 /* AppDelegate.swift */,
			);
			path = App;
			sourceTree = "<group>";
		};
		776C78DC2770C89B004102BA /* Controller */ = {
			isa = PBXGroup;
			children = (
				77A660552758FA2B007827D4 /* SettingsViewController.swift */,
			);
			path = Controller;
			sourceTree = "<group>";
		};
		776C78DD2770C8A6004102BA /* View */ = {
			isa = PBXGroup;
			children = (
				776C78E92770DBFF004102BA /* SettingsView.swift */,
				776C78EB2770EE77004102BA /* Cells */,
			);
			path = View;
			sourceTree = "<group>";
		};
		776C78DE2770C8B6004102BA /* Model */ = {
			isa = PBXGroup;
			children = (
				776C78E72770D19D004102BA /* SettingsModel.swift */,
				776C78DF2770D03C004102BA /* SectionModel.swift */,
				776C78EC2771213C004102BA /* SettingTypes */,
			);
			path = Model;
			sourceTree = "<group>";
		};
		776C78EB2770EE77004102BA /* Cells */ = {
			isa = PBXGroup;
			children = (
				77A66065275B6F6F007827D4 /* SettingTableViewCell.swift */,
				77A66067275E768E007827D4 /* SwitchTableViewCell.swift */,
				776C78C72770A23E004102BA /* NotificationTableViewCell.swift */,
			);
			path = Cells;
			sourceTree = "<group>";
		};
		776C78EC2771213C004102BA /* SettingTypes */ = {
			isa = PBXGroup;
			children = (
				776C78E12770D08D004102BA /* SettingOptions.swift */,
				776C78E32770D0AB004102BA /* SettingSwitchOptions.swift */,
				776C78E52770D0CF004102BA /* NotificationSettingOptions.swift */,
			);
			path = SettingTypes;
			sourceTree = "<group>";
		};
		77A660452758FA2B007827D4 = {
			isa = PBXGroup;
			children = (
				77A660502758FA2B007827D4 /* HW 12 */,
				77A6604F2758FA2B007827D4 /* Products */,
			);
			sourceTree = "<group>";
		};
		77A6604F2758FA2B007827D4 /* Products */ = {
			isa = PBXGroup;
			children = (
				77A6604E2758FA2B007827D4 /* HW 12.app */,
			);
			name = Products;
			sourceTree = "<group>";
		};
		77A660502758FA2B007827D4 /* HW 12 */ = {
			isa = PBXGroup;
			children = (
				776C78DB2770C794004102BA /* App */,
				776C78DA2770C786004102BA /* Sources */,
				776C78D92770C76C004102BA /* Resources */,
			);
			path = "HW 12";
			sourceTree = "<group>";
		};
/* End PBXGroup section */

/* Begin PBXNativeTarget section */
		77A6604D2758FA2B007827D4 /* HW 12 */ = {
			isa = PBXNativeTarget;
			buildConfigurationList = 77A660622758FA2F007827D4 /* Build configuration list for PBXNativeTarget "HW 12" */;
			buildPhases = (
				77A6604A2758FA2B007827D4 /* Sources */,
				77A6604B2758FA2B007827D4 /* Frameworks */,
				77A6604C2758FA2B007827D4 /* Resources */,
			);
			buildRules = (
			);
			dependencies = (
			);
			name = "HW 12";
			productName = "HW 12";
			productReference = 77A6604E2758FA2B007827D4 /* HW 12.app */;
			productType = "com.apple.product-type.application";
		};
/* End PBXNativeTarget section */

/* Begin PBXProject section */
		77A660462758FA2B007827D4 /* Project object */ = {
			isa = PBXProject;
			attributes = {
				LastSwiftUpdateCheck = 1250;
				LastUpgradeCheck = 1250;
				TargetAttributes = {
					77A6604D2758FA2B007827D4 = {
						CreatedOnToolsVersion = 12.5.1;
					};
				};
			};
			buildConfigurationList = 77A660492758FA2B007827D4 /* Build configuration list for PBXProject "HW 12" */;
			compatibilityVersion = "Xcode 9.3";
			developmentRegion = en;
			hasScannedForEncodings = 0;
			knownRegions = (
				en,
				Base,
			);
			mainGroup = 77A660452758FA2B007827D4;
			productRefGroup = 77A6604F2758FA2B007827D4 /* Products */;
			projectDirPath = "";
			projectRoot = "";
			targets = (
				77A6604D2758FA2B007827D4 /* HW 12 */,
			);
		};
/* End PBXProject section */

/* Begin PBXResourcesBuildPhase section */
		77A6604C2758FA2B007827D4 /* Resources */ = {
			isa = PBXResourcesBuildPhase;
			buildActionMask = 2147483647;
			files = (
				77A6605E2758FA2F007827D4 /* LaunchScreen.storyboard in Resources */,
				77A6605B2758FA2F007827D4 /* Assets.xcassets in Resources */,
			);
			runOnlyForDeploymentPostprocessing = 0;
		};
/* End PBXResourcesBuildPhase section */

/* Begin PBXSourcesBuildPhase section */
		77A6604A2758FA2B007827D4 /* Sources */ = {
			isa = PBXSourcesBuildPhase;
			buildActionMask = 2147483647;
			files = (
				77A66066275B6F6F007827D4 /* SettingTableViewCell.swift in Sources */,
				776C78E42770D0AB004102BA /* SettingSwitchOptions.swift in Sources */,
				776C78C82770A23E004102BA /* NotificationTableViewCell.swift in Sources */,
				77A66068275E768E007827D4 /* SwitchTableViewCell.swift in Sources */,
				77A660562758FA2B007827D4 /* SettingsViewController.swift in Sources */,
				776C78E62770D0CF004102BA /* NotificationSettingOptions.swift in Sources */,
				776C78E82770D19D004102BA /* SettingsModel.swift in Sources */,
				77A660522758FA2B007827D4 /* AppDelegate.swift in Sources */,
				776C78E02770D03C004102BA /* SectionModel.swift in Sources */,
				776C78E22770D08D004102BA /* SettingOptions.swift in Sources */,
				776C78EA2770DBFF004102BA /* SettingsView.swift in Sources */,
			);
			runOnlyForDeploymentPostprocessing = 0;
		};
/* End PBXSourcesBuildPhase section */

/* Begin PBXVariantGroup section */
		77A6605C2758FA2F007827D4 /* LaunchScreen.storyboard */ = {
			isa = PBXVariantGroup;
			children = (
				77A6605D2758FA2F007827D4 /* Base */,
			);
			name = LaunchScreen.storyboard;
			sourceTree = "<group>";
		};
/* End PBXVariantGroup section */

/* Begin XCBuildConfiguration section */
		77A660602758FA2F007827D4 /* Debug */ = {
			isa = XCBuildConfiguration;
			buildSettings = {
				ALWAYS_SEARCH_USER_PATHS = NO;
				CLANG_ANALYZER_NONNULL = YES;
				CLANG_ANALYZER_NUMBER_OBJECT_CONVERSION = YES_AGGRESSIVE;
				CLANG_CXX_LANGUAGE_STANDARD = "gnu++14";
				CLANG_CXX_LIBRARY = "libc++";
				CLANG_ENABLE_MODULES = YES;
				CLANG_ENABLE_OBJC_ARC = YES;
				CLANG_ENABLE_OBJC_WEAK = YES;
				CLANG_WARN_BLOCK_CAPTURE_AUTORELEASING = YES;
				CLANG_WARN_BOOL_CONVERSION = YES;
				CLANG_WARN_COMMA = YES;
				CLANG_WARN_CONSTANT_CONVERSION = YES;
				CLANG_WARN_DEPRECATED_OBJC_IMPLEMENTATIONS = YES;
				CLANG_WARN_DIRECT_OBJC_ISA_USAGE = YES_ERROR;
				CLANG_WARN_DOCUMENTATION_COMMENTS = YES;
				CLANG_WARN_EMPTY_BODY = YES;
				CLANG_WARN_ENUM_CONVERSION = YES;
				CLANG_WARN_INFINITE_RECURSION = YES;
				CLANG_WARN_INT_CONVERSION = YES;
				CLANG_WARN_NON_LITERAL_NULL_CONVERSION = YES;
				CLANG_WARN_OBJC_IMPLICIT_RETAIN_SELF = YES;
				CLANG_WARN_OBJC_LITERAL_CONVERSION = YES;
				CLANG_WARN_OBJC_ROOT_CLASS = YES_ERROR;
				CLANG_WARN_QUOTED_INCLUDE_IN_FRAMEWORK_HEADER = YES;
				CLANG_WARN_RANGE_LOOP_ANALYSIS = YES;
				CLANG_WARN_STRICT_PROTOTYPES = YES;
				CLANG_WARN_SUSPICIOUS_MOVE = YES;
				CLANG_WARN_UNGUARDED_AVAILABILITY = YES_AGGRESSIVE;
				CLANG_WARN_UNREACHABLE_CODE = YES;
				CLANG_WARN__DUPLICATE_METHOD_MATCH = YES;
				COPY_PHASE_STRIP = NO;
				DEBUG_INFORMATION_FORMAT = dwarf;
				ENABLE_STRICT_OBJC_MSGSEND = YES;
				ENABLE_TESTABILITY = YES;
				GCC_C_LANGUAGE_STANDARD = gnu11;
				GCC_DYNAMIC_NO_PIC = NO;
				GCC_NO_COMMON_BLOCKS = YES;
				GCC_OPTIMIZATION_LEVEL = 0;
				GCC_PREPROCESSOR_DEFINITIONS = (
					"DEBUG=1",
					"$(inherited)",
				);
				GCC_WARN_64_TO_32_BIT_CONVERSION = YES;
				GCC_WARN_ABOUT_RETURN_TYPE = YES_ERROR;
				GCC_WARN_UNDECLARED_SELECTOR = YES;
				GCC_WARN_UNINITIALIZED_AUTOS = YES_AGGRESSIVE;
				GCC_WARN_UNUSED_FUNCTION = YES;
				GCC_WARN_UNUSED_VARIABLE = YES;
				IPHONEOS_DEPLOYMENT_TARGET = 14.5;
				MTL_ENABLE_DEBUG_INFO = INCLUDE_SOURCE;
				MTL_FAST_MATH = YES;
				ONLY_ACTIVE_ARCH = YES;
				SDKROOT = iphoneos;
				SWIFT_ACTIVE_COMPILATION_CONDITIONS = DEBUG;
				SWIFT_OPTIMIZATION_LEVEL = "-Onone";
			};
			name = Debug;
		};
		77A660612758FA2F007827D4 /* Release */ = {
			isa = XCBuildConfiguration;
			buildSettings = {
				ALWAYS_SEARCH_USER_PATHS = NO;
				CLANG_ANALYZER_NONNULL = YES;
				CLANG_ANALYZER_NUMBER_OBJECT_CONVERSION = YES_AGGRESSIVE;
				CLANG_CXX_LANGUAGE_STANDARD = "gnu++14";
				CLANG_CXX_LIBRARY = "libc++";
				CLANG_ENABLE_MODULES = YES;
				CLANG_ENABLE_OBJC_ARC = YES;
				CLANG_ENABLE_OBJC_WEAK = YES;
				CLANG_WARN_BLOCK_CAPTURE_AUTORELEASING = YES;
				CLANG_WARN_BOOL_CONVERSION = YES;
				CLANG_WARN_COMMA = YES;
				CLANG_WARN_CONSTANT_CONVERSION = YES;
				CLANG_WARN_DEPRECATED_OBJC_IMPLEMENTATIONS = YES;
				CLANG_WARN_DIRECT_OBJC_ISA_USAGE = YES_ERROR;
				CLANG_WARN_DOCUMENTATION_COMMENTS = YES;
				CLANG_WARN_EMPTY_BODY = YES;
				CLANG_WARN_ENUM_CONVERSION = YES;
				CLANG_WARN_INFINITE_RECURSION = YES;
				CLANG_WARN_INT_CONVERSION = YES;
				CLANG_WARN_NON_LITERAL_NULL_CONVERSION = YES;
				CLANG_WARN_OBJC_IMPLICIT_RETAIN_SELF = YES;
				CLANG_WARN_OBJC_LITERAL_CONVERSION = YES;
				CLANG_WARN_OBJC_ROOT_CLASS = YES_ERROR;
				CLANG_WARN_QUOTED_INCLUDE_IN_FRAMEWORK_HEADER = YES;
				CLANG_WARN_RANGE_LOOP_ANALYSIS = YES;
				CLANG_WARN_STRICT_PROTOTYPES = YES;
				CLANG_WARN_SUSPICIOUS_MOVE = YES;
				CLANG_WARN_UNGUARDED_AVAILABILITY = YES_AGGRESSIVE;
				CLANG_WARN_UNREACHABLE_CODE = YES;
				CLANG_WARN__DUPLICATE_METHOD_MATCH = YES;
				COPY_PHASE_STRIP = NO;
				DEBUG_INFORMATION_FORMAT = "dwarf-with-dsym";
				ENABLE_NS_ASSERTIONS = NO;
				ENABLE_STRICT_OBJC_MSGSEND = YES;
				GCC_C_LANGUAGE_STANDARD = gnu11;
				GCC_NO_COMMON_BLOCKS = YES;
				GCC_WARN_64_TO_32_BIT_CONVERSION = YES;
				GCC_WARN_ABOUT_RETURN_TYPE = YES_ERROR;
				GCC_WARN_UNDECLARED_SELECTOR = YES;
				GCC_WARN_UNINITIALIZED_AUTOS = YES_AGGRESSIVE;
				GCC_WARN_UNUSED_FUNCTION = YES;
				GCC_WARN_UNUSED_VARIABLE = YES;
				IPHONEOS_DEPLOYMENT_TARGET = 14.5;
				MTL_ENABLE_DEBUG_INFO = NO;
				MTL_FAST_MATH = YES;
				SDKROOT = iphoneos;
				SWIFT_COMPILATION_MODE = wholemodule;
				SWIFT_OPTIMIZATION_LEVEL = "-O";
				VALIDATE_PRODUCT = YES;
			};
			name = Release;
		};
		77A660632758FA2F007827D4 /* Debug */ = {
			isa = XCBuildConfiguration;
			buildSettings = {
				ASSETCATALOG_COMPILER_APPICON_NAME = AppIcon;
				ASSETCATALOG_COMPILER_GLOBAL_ACCENT_COLOR_NAME = AccentColor;
				CODE_SIGN_STYLE = Automatic;
				INFOPLIST_FILE = "HW 12/Resources/Info.plist";
				LD_RUNPATH_SEARCH_PATHS = (
					"$(inherited)",
					"@executable_path/Frameworks",
				);
				PRODUCT_BUNDLE_IDENTIFIER = "my.HW-12";
				PRODUCT_NAME = "$(TARGET_NAME)";
				SWIFT_VERSION = 5.0;
				TARGETED_DEVICE_FAMILY = "1,2";
			};
			name = Debug;
		};
		77A660642758FA2F007827D4 /* Release */ = {
			isa = XCBuildConfiguration;
			buildSettings = {
				ASSETCATALOG_COMPILER_APPICON_NAME = AppIcon;
				ASSETCATALOG_COMPILER_GLOBAL_ACCENT_COLOR_NAME = AccentColor;
				CODE_SIGN_STYLE = Automatic;
				INFOPLIST_FILE = "HW 12/Resources/Info.plist";
				LD_RUNPATH_SEARCH_PATHS = (
					"$(inherited)",
					"@executable_path/Frameworks",
				);
				PRODUCT_BUNDLE_IDENTIFIER = "my.HW-12";
				PRODUCT_NAME = "$(TARGET_NAME)";
				SWIFT_VERSION = 5.0;
				TARGETED_DEVICE_FAMILY = "1,2";
			};
			name = Release;
		};
/* End XCBuildConfiguration section */

/* Begin XCConfigurationList section */
		77A660492758FA2B007827D4 /* Build configuration list for PBXProject "HW 12" */ = {
			isa = XCConfigurationList;
			buildConfigurations = (
				77A660602758FA2F007827D4 /* Debug */,
				77A660612758FA2F007827D4 /* Release */,
			);
			defaultConfigurationIsVisible = 0;
			defaultConfigurationName = Release;
		};
		77A660622758FA2F007827D4 /* Build configuration list for PBXNativeTarget "HW 12" */ = {
			isa = XCConfigurationList;
			buildConfigurations = (
				77A660632758FA2F007827D4 /* Debug */,
				77A660642758FA2F007827D4 /* Release */,
			);
			defaultConfigurationIsVisible = 0;
			defaultConfigurationName = Release;
		};
/* End XCConfigurationList section */
	};
	rootObject = 77A660462758FA2B007827D4 /* Project object */;
}
